// !$*UTF8*$!
{
	archiveVersion = 1;
	classes = {
	};
	objectVersion = 48;
	objects = {

/* Begin PBXBuildFile section */
		770A4CA6205A8AAF00E3D43E /* OrderDetailsPresentationController.swift in Sources */ = {isa = PBXBuildFile; fileRef = 770A4CA5205A8AAF00E3D43E /* OrderDetailsPresentationController.swift */; };
		770A4CA8205A8B7E00E3D43E /* OrderDetailsAnimationController.swift in Sources */ = {isa = PBXBuildFile; fileRef = 770A4CA7205A8B7E00E3D43E /* OrderDetailsAnimationController.swift */; };
		770A4CAA205A8F3300E3D43E /* DispenserSelectorRouter.swift in Sources */ = {isa = PBXBuildFile; fileRef = 770A4CA9205A8F3300E3D43E /* DispenserSelectorRouter.swift */; };
		770A4CAC205AA44600E3D43E /* OrderDetailsViewModel.swift in Sources */ = {isa = PBXBuildFile; fileRef = 770A4CAB205AA44600E3D43E /* OrderDetailsViewModel.swift */; };
		770A4CAE205ACE3400E3D43E /* OrderResponse.swift in Sources */ = {isa = PBXBuildFile; fileRef = 770A4CAD205ACE3400E3D43E /* OrderResponse.swift */; };
		770A4CB3205AD4CD00E3D43E /* RouterBase.swift in Sources */ = {isa = PBXBuildFile; fileRef = 770A4CB2205AD4CD00E3D43E /* RouterBase.swift */; };
		770A4CB7205ADAD600E3D43E /* Payment.swift in Sources */ = {isa = PBXBuildFile; fileRef = 770A4CB6205ADAD600E3D43E /* Payment.swift */; };
		770C84C6205C12E100FC5D6F /* OrderStatus.swift in Sources */ = {isa = PBXBuildFile; fileRef = 770C84C5205C12E100FC5D6F /* OrderStatus.swift */; };
		770C84C9205C19F500FC5D6F /* OrderStatusController.swift in Sources */ = {isa = PBXBuildFile; fileRef = 770C84C8205C19F500FC5D6F /* OrderStatusController.swift */; };
		7713ABA2203DB0B3001F0CFD /* ButtonCell.swift in Sources */ = {isa = PBXBuildFile; fileRef = 7713ABA0203DB0B3001F0CFD /* ButtonCell.swift */; };
		7713ABA3203DB0B3001F0CFD /* ButtonCell.xib in Resources */ = {isa = PBXBuildFile; fileRef = 7713ABA1203DB0B3001F0CFD /* ButtonCell.xib */; };
		7713ABA5203DB119001F0CFD /* RoundedButton.swift in Sources */ = {isa = PBXBuildFile; fileRef = 7713ABA4203DB119001F0CFD /* RoundedButton.swift */; };
		7713ABAC203DC5D5001F0CFD /* Constants.swift in Sources */ = {isa = PBXBuildFile; fileRef = 7713ABAB203DC5D5001F0CFD /* Constants.swift */; };
		7713ABAE203DC82E001F0CFD /* ApiClient.swift in Sources */ = {isa = PBXBuildFile; fileRef = 7713ABAD203DC82E001F0CFD /* ApiClient.swift */; };
		7713ABB0203DC902001F0CFD /* API.swift in Sources */ = {isa = PBXBuildFile; fileRef = 7713ABAF203DC902001F0CFD /* API.swift */; };
		7719E9BD205A726B00B65199 /* OrderDetailsController.swift in Sources */ = {isa = PBXBuildFile; fileRef = 7719E9BC205A726B00B65199 /* OrderDetailsController.swift */; };
		771E4C81203B2BD6003D40C7 /* AppDelegate.swift in Sources */ = {isa = PBXBuildFile; fileRef = 771E4C80203B2BD6003D40C7 /* AppDelegate.swift */; };
		771E4C86203B2BD6003D40C7 /* Main.storyboard in Resources */ = {isa = PBXBuildFile; fileRef = 771E4C84203B2BD6003D40C7 /* Main.storyboard */; };
		771E4C88203B2BD6003D40C7 /* Assets.xcassets in Resources */ = {isa = PBXBuildFile; fileRef = 771E4C87203B2BD6003D40C7 /* Assets.xcassets */; };
		771E4C8B203B2BD6003D40C7 /* LaunchScreen.storyboard in Resources */ = {isa = PBXBuildFile; fileRef = 771E4C89203B2BD6003D40C7 /* LaunchScreen.storyboard */; };
		771E4C96203B2BD6003D40C7 /* GpayTests.swift in Sources */ = {isa = PBXBuildFile; fileRef = 771E4C95203B2BD6003D40C7 /* GpayTests.swift */; };
		771E4CA1203B2BD6003D40C7 /* GpayUITests.swift in Sources */ = {isa = PBXBuildFile; fileRef = 771E4CA0203B2BD6003D40C7 /* GpayUITests.swift */; };
		77242C88203D6F12003D9852 /* SingUpController.swift in Sources */ = {isa = PBXBuildFile; fileRef = 77242C87203D6F12003D9852 /* SingUpController.swift */; };
		77242C8C203D8255003D9852 /* UITableViewExtensions.swift in Sources */ = {isa = PBXBuildFile; fileRef = 77242C8B203D8255003D9852 /* UITableViewExtensions.swift */; };
		77242C8E203D833E003D9852 /* UITableViewCellExtensions.swift in Sources */ = {isa = PBXBuildFile; fileRef = 77242C8D203D833E003D9852 /* UITableViewCellExtensions.swift */; };
		7726BB2F204844B3003231B9 /* StorageManager.swift in Sources */ = {isa = PBXBuildFile; fileRef = 7726BB2E204844B3003231B9 /* StorageManager.swift */; };
		773BEE1D203D98BD006D9677 /* LabelCell.swift in Sources */ = {isa = PBXBuildFile; fileRef = 773BEE1B203D98BD006D9677 /* LabelCell.swift */; };
		773BEE1E203D98BD006D9677 /* LabelCell.xib in Resources */ = {isa = PBXBuildFile; fileRef = 773BEE1C203D98BD006D9677 /* LabelCell.xib */; };
		773BEE21203D9A02006D9677 /* ImageViewCell.swift in Sources */ = {isa = PBXBuildFile; fileRef = 773BEE1F203D9A02006D9677 /* ImageViewCell.swift */; };
		773BEE22203D9A02006D9677 /* ImageViewCell.xib in Resources */ = {isa = PBXBuildFile; fileRef = 773BEE20203D9A02006D9677 /* ImageViewCell.xib */; };
		773BEE25203DA462006D9677 /* PhoneCell.swift in Sources */ = {isa = PBXBuildFile; fileRef = 773BEE23203DA462006D9677 /* PhoneCell.swift */; };
		773BEE26203DA462006D9677 /* PhoneCell.xib in Resources */ = {isa = PBXBuildFile; fileRef = 773BEE24203DA462006D9677 /* PhoneCell.xib */; };
		773BEE2A203DA854006D9677 /* RoundedView.swift in Sources */ = {isa = PBXBuildFile; fileRef = 773BEE29203DA854006D9677 /* RoundedView.swift */; };
		773F7FDA20593E9100E5E31B /* FuelCell.swift in Sources */ = {isa = PBXBuildFile; fileRef = 773F7FD920593E9100E5E31B /* FuelCell.swift */; };
		775AAC9B206016260048713C /* TitleCell.swift in Sources */ = {isa = PBXBuildFile; fileRef = 775AAC9A206016260048713C /* TitleCell.swift */; };
		775AAC9D20601C830048713C /* TableViewCellBase.swift in Sources */ = {isa = PBXBuildFile; fileRef = 775AAC9C20601C830048713C /* TableViewCellBase.swift */; };
		775FF4C3204D432500A30D98 /* UIColorExtensions.swift in Sources */ = {isa = PBXBuildFile; fileRef = 775FF4C2204D432500A30D98 /* UIColorExtensions.swift */; };
		775FF4C6204D763000A30D98 /* StationInfoController.swift in Sources */ = {isa = PBXBuildFile; fileRef = 775FF4C5204D763000A30D98 /* StationInfoController.swift */; };
		775FF4C8204D87F300A30D98 /* StationInfoViewModel.swift in Sources */ = {isa = PBXBuildFile; fileRef = 775FF4C7204D87F300A30D98 /* StationInfoViewModel.swift */; };
		775FF4CA204D91F000A30D98 /* StationInfoAnimationController.swift in Sources */ = {isa = PBXBuildFile; fileRef = 775FF4C9204D91F000A30D98 /* StationInfoAnimationController.swift */; };
		775FF4CC204D96D600A30D98 /* StationInfoPresentationController.swift in Sources */ = {isa = PBXBuildFile; fileRef = 775FF4CB204D96D600A30D98 /* StationInfoPresentationController.swift */; };
		776DEEAE205FB1E600A82550 /* OrderStatusViewModel.swift in Sources */ = {isa = PBXBuildFile; fileRef = 776DEEAD205FB1E600A82550 /* OrderStatusViewModel.swift */; };
		776DEEB0205FCB9700A82550 /* DispenserSelectorSectionData.swift in Sources */ = {isa = PBXBuildFile; fileRef = 776DEEAF205FCB9700A82550 /* DispenserSelectorSectionData.swift */; };
		77790A2C205966680062C57E /* UIViewExtensions.swift in Sources */ = {isa = PBXBuildFile; fileRef = 77790A2B205966680062C57E /* UIViewExtensions.swift */; };
		7780BF2F204EE7560064F5A7 /* Dispenser.swift in Sources */ = {isa = PBXBuildFile; fileRef = 7780BF2E204EE7560064F5A7 /* Dispenser.swift */; };
		7780BF32204F19660064F5A7 /* DispenserSelectorController.swift in Sources */ = {isa = PBXBuildFile; fileRef = 7780BF31204F19660064F5A7 /* DispenserSelectorController.swift */; };
		7780BF34204F19F10064F5A7 /* DispenserCell.swift in Sources */ = {isa = PBXBuildFile; fileRef = 7780BF33204F19F10064F5A7 /* DispenserCell.swift */; };
		7780BF39204F4A1C0064F5A7 /* StationInfoRouter.swift in Sources */ = {isa = PBXBuildFile; fileRef = 7780BF38204F4A1C0064F5A7 /* StationInfoRouter.swift */; };
		7792C1722060088900906C5E /* DispensersCell.swift in Sources */ = {isa = PBXBuildFile; fileRef = 7792C1712060088900906C5E /* DispensersCell.swift */; };
		77AADB8F20498D61001DCEBB /* MapsRouter.swift in Sources */ = {isa = PBXBuildFile; fileRef = 77AADB8E20498D60001DCEBB /* MapsRouter.swift */; };
		77AADB9120498E3F001DCEBB /* SingUpRouter.swift in Sources */ = {isa = PBXBuildFile; fileRef = 77AADB9020498E3F001DCEBB /* SingUpRouter.swift */; };
		77AADB932049A1EB001DCEBB /* MapsViewModel.swift in Sources */ = {isa = PBXBuildFile; fileRef = 77AADB922049A1EB001DCEBB /* MapsViewModel.swift */; };
		77ACD20A203F1B1A000A18DF /* SignUpViewModel.swift in Sources */ = {isa = PBXBuildFile; fileRef = 77ACD209203F1B1A000A18DF /* SignUpViewModel.swift */; };
		77B14D362047F84A001065CA /* SHSPhoneComponentExtensions.swift in Sources */ = {isa = PBXBuildFile; fileRef = 77B14D352047F84A001065CA /* SHSPhoneComponentExtensions.swift */; };
		77B384E32056D89400493CBE /* UICollectionViewExtensions.swift in Sources */ = {isa = PBXBuildFile; fileRef = 77B384E22056D89400493CBE /* UICollectionViewExtensions.swift */; };
		77B384E52056D8BA00493CBE /* UICollectionViewCellExtensions.swift in Sources */ = {isa = PBXBuildFile; fileRef = 77B384E42056D8BA00493CBE /* UICollectionViewCellExtensions.swift */; };
		77BC5F052050090800BCF788 /* PaymentController.swift in Sources */ = {isa = PBXBuildFile; fileRef = 77BC5F042050090800BCF788 /* PaymentController.swift */; };
		77BC5F0820503EDB00BCF788 /* Order.swift in Sources */ = {isa = PBXBuildFile; fileRef = 77BC5F0720503EDB00BCF788 /* Order.swift */; };
		77C313272044007900DA309B /* Error.swift in Sources */ = {isa = PBXBuildFile; fileRef = 77C313262044007900DA309B /* Error.swift */; };
		77C313292044394900DA309B /* ResponseError.swift in Sources */ = {isa = PBXBuildFile; fileRef = 77C313282044394900DA309B /* ResponseError.swift */; };
		77C3132C2044444D00DA309B /* UIViewControllerExtensions.swift in Sources */ = {isa = PBXBuildFile; fileRef = 77C3132B2044444D00DA309B /* UIViewControllerExtensions.swift */; };
		77C3132E204446BE00DA309B /* UIAlertActionExtensions.swift in Sources */ = {isa = PBXBuildFile; fileRef = 77C3132D204446BE00DA309B /* UIAlertActionExtensions.swift */; };
		77C313302044514100DA309B /* R.generated.swift in Sources */ = {isa = PBXBuildFile; fileRef = 77C3132F2044514000DA309B /* R.generated.swift */; };
		77C43507203EC1E800C8BB90 /* MapsController.swift in Sources */ = {isa = PBXBuildFile; fileRef = 77C43506203EC1E800C8BB90 /* MapsController.swift */; };
		77C43A29203F0F5F00C8BB90 /* AuthResponse.swift in Sources */ = {isa = PBXBuildFile; fileRef = 77C43A28203F0F5F00C8BB90 /* AuthResponse.swift */; };
		77C8B9132049412600EB8BEE /* GasStation.swift in Sources */ = {isa = PBXBuildFile; fileRef = 77C8B9122049412600EB8BEE /* GasStation.swift */; };
		77C8B91520494A9200EB8BEE /* WireFrame.swift in Sources */ = {isa = PBXBuildFile; fileRef = 77C8B91420494A9200EB8BEE /* WireFrame.swift */; };
		77DE4FAC204AFC60007E440C /* GoogleMapsExtensions.swift in Sources */ = {isa = PBXBuildFile; fileRef = 77DE4FAB204AFC60007E440C /* GoogleMapsExtensions.swift */; };
		77FC56462057F44500417812 /* DispenserSelectorViewModel.swift in Sources */ = {isa = PBXBuildFile; fileRef = 77FC56452057F44500417812 /* DispenserSelectorViewModel.swift */; };
		B06C41531962A13CEA5E50A3 /* Pods_Gpay.framework in Frameworks */ = {isa = PBXBuildFile; fileRef = 521269A89BA4413A881E475A /* Pods_Gpay.framework */; };
		F7680B080F352FC3A7AC8EE0 /* Pods_GpayTests.framework in Frameworks */ = {isa = PBXBuildFile; fileRef = A20F07228E76C9A352E962C4 /* Pods_GpayTests.framework */; };
/* End PBXBuildFile section */

/* Begin PBXContainerItemProxy section */
		771E4C92203B2BD6003D40C7 /* PBXContainerItemProxy */ = {
			isa = PBXContainerItemProxy;
			containerPortal = 771E4C75203B2BD6003D40C7 /* Project object */;
			proxyType = 1;
			remoteGlobalIDString = 771E4C7C203B2BD6003D40C7;
			remoteInfo = Gpay;
		};
		771E4C9D203B2BD6003D40C7 /* PBXContainerItemProxy */ = {
			isa = PBXContainerItemProxy;
			containerPortal = 771E4C75203B2BD6003D40C7 /* Project object */;
			proxyType = 1;
			remoteGlobalIDString = 771E4C7C203B2BD6003D40C7;
			remoteInfo = Gpay;
		};
/* End PBXContainerItemProxy section */

/* Begin PBXFileReference section */
		26AE85CDBE13585DDC294D97 /* Pods-Gpay.debug.xcconfig */ = {isa = PBXFileReference; includeInIndex = 1; lastKnownFileType = text.xcconfig; name = "Pods-Gpay.debug.xcconfig"; path = "Pods/Target Support Files/Pods-Gpay/Pods-Gpay.debug.xcconfig"; sourceTree = "<group>"; };
		521269A89BA4413A881E475A /* Pods_Gpay.framework */ = {isa = PBXFileReference; explicitFileType = wrapper.framework; includeInIndex = 0; path = Pods_Gpay.framework; sourceTree = BUILT_PRODUCTS_DIR; };
		53C33C6989D86C83D6DB2216 /* Pods-GpayTests.debug.xcconfig */ = {isa = PBXFileReference; includeInIndex = 1; lastKnownFileType = text.xcconfig; name = "Pods-GpayTests.debug.xcconfig"; path = "Pods/Target Support Files/Pods-GpayTests/Pods-GpayTests.debug.xcconfig"; sourceTree = "<group>"; };
		770A4CA5205A8AAF00E3D43E /* OrderDetailsPresentationController.swift */ = {isa = PBXFileReference; lastKnownFileType = sourcecode.swift; path = OrderDetailsPresentationController.swift; sourceTree = "<group>"; };
		770A4CA7205A8B7E00E3D43E /* OrderDetailsAnimationController.swift */ = {isa = PBXFileReference; lastKnownFileType = sourcecode.swift; path = OrderDetailsAnimationController.swift; sourceTree = "<group>"; };
		770A4CA9205A8F3300E3D43E /* DispenserSelectorRouter.swift */ = {isa = PBXFileReference; lastKnownFileType = sourcecode.swift; path = DispenserSelectorRouter.swift; sourceTree = "<group>"; };
		770A4CAB205AA44600E3D43E /* OrderDetailsViewModel.swift */ = {isa = PBXFileReference; lastKnownFileType = sourcecode.swift; path = OrderDetailsViewModel.swift; sourceTree = "<group>"; };
		770A4CAD205ACE3400E3D43E /* OrderResponse.swift */ = {isa = PBXFileReference; lastKnownFileType = sourcecode.swift; path = OrderResponse.swift; sourceTree = "<group>"; };
		770A4CB2205AD4CD00E3D43E /* RouterBase.swift */ = {isa = PBXFileReference; lastKnownFileType = sourcecode.swift; path = RouterBase.swift; sourceTree = "<group>"; };
		770A4CB6205ADAD600E3D43E /* Payment.swift */ = {isa = PBXFileReference; lastKnownFileType = sourcecode.swift; path = Payment.swift; sourceTree = "<group>"; };
		770C84C5205C12E100FC5D6F /* OrderStatus.swift */ = {isa = PBXFileReference; lastKnownFileType = sourcecode.swift; path = OrderStatus.swift; sourceTree = "<group>"; };
		770C84C8205C19F500FC5D6F /* OrderStatusController.swift */ = {isa = PBXFileReference; lastKnownFileType = sourcecode.swift; path = OrderStatusController.swift; sourceTree = "<group>"; };
		7713ABA0203DB0B3001F0CFD /* ButtonCell.swift */ = {isa = PBXFileReference; lastKnownFileType = sourcecode.swift; path = ButtonCell.swift; sourceTree = "<group>"; };
		7713ABA1203DB0B3001F0CFD /* ButtonCell.xib */ = {isa = PBXFileReference; lastKnownFileType = file.xib; path = ButtonCell.xib; sourceTree = "<group>"; };
		7713ABA4203DB119001F0CFD /* RoundedButton.swift */ = {isa = PBXFileReference; lastKnownFileType = sourcecode.swift; path = RoundedButton.swift; sourceTree = "<group>"; };
		7713ABAB203DC5D5001F0CFD /* Constants.swift */ = {isa = PBXFileReference; lastKnownFileType = sourcecode.swift; path = Constants.swift; sourceTree = "<group>"; };
		7713ABAD203DC82E001F0CFD /* ApiClient.swift */ = {isa = PBXFileReference; lastKnownFileType = sourcecode.swift; path = ApiClient.swift; sourceTree = "<group>"; };
		7713ABAF203DC902001F0CFD /* API.swift */ = {isa = PBXFileReference; lastKnownFileType = sourcecode.swift; path = API.swift; sourceTree = "<group>"; };
		7719E9BC205A726B00B65199 /* OrderDetailsController.swift */ = {isa = PBXFileReference; lastKnownFileType = sourcecode.swift; path = OrderDetailsController.swift; sourceTree = "<group>"; };
		771E4C7D203B2BD6003D40C7 /* Gpay.app */ = {isa = PBXFileReference; explicitFileType = wrapper.application; includeInIndex = 0; path = Gpay.app; sourceTree = BUILT_PRODUCTS_DIR; };
		771E4C80203B2BD6003D40C7 /* AppDelegate.swift */ = {isa = PBXFileReference; lastKnownFileType = sourcecode.swift; path = AppDelegate.swift; sourceTree = "<group>"; };
		771E4C85203B2BD6003D40C7 /* Base */ = {isa = PBXFileReference; lastKnownFileType = file.storyboard; name = Base; path = Base.lproj/Main.storyboard; sourceTree = "<group>"; };
		771E4C87203B2BD6003D40C7 /* Assets.xcassets */ = {isa = PBXFileReference; lastKnownFileType = folder.assetcatalog; path = Assets.xcassets; sourceTree = "<group>"; };
		771E4C8A203B2BD6003D40C7 /* Base */ = {isa = PBXFileReference; lastKnownFileType = file.storyboard; name = Base; path = Base.lproj/LaunchScreen.storyboard; sourceTree = "<group>"; };
		771E4C8C203B2BD6003D40C7 /* Info.plist */ = {isa = PBXFileReference; lastKnownFileType = text.plist.xml; path = Info.plist; sourceTree = "<group>"; };
		771E4C91203B2BD6003D40C7 /* GpayTests.xctest */ = {isa = PBXFileReference; explicitFileType = wrapper.cfbundle; includeInIndex = 0; path = GpayTests.xctest; sourceTree = BUILT_PRODUCTS_DIR; };
		771E4C95203B2BD6003D40C7 /* GpayTests.swift */ = {isa = PBXFileReference; lastKnownFileType = sourcecode.swift; path = GpayTests.swift; sourceTree = "<group>"; };
		771E4C97203B2BD6003D40C7 /* Info.plist */ = {isa = PBXFileReference; lastKnownFileType = text.plist.xml; path = Info.plist; sourceTree = "<group>"; };
		771E4C9C203B2BD6003D40C7 /* GpayUITests.xctest */ = {isa = PBXFileReference; explicitFileType = wrapper.cfbundle; includeInIndex = 0; path = GpayUITests.xctest; sourceTree = BUILT_PRODUCTS_DIR; };
		771E4CA0203B2BD6003D40C7 /* GpayUITests.swift */ = {isa = PBXFileReference; lastKnownFileType = sourcecode.swift; path = GpayUITests.swift; sourceTree = "<group>"; };
		771E4CA2203B2BD6003D40C7 /* Info.plist */ = {isa = PBXFileReference; lastKnownFileType = text.plist.xml; path = Info.plist; sourceTree = "<group>"; };
		77242C87203D6F12003D9852 /* SingUpController.swift */ = {isa = PBXFileReference; lastKnownFileType = sourcecode.swift; path = SingUpController.swift; sourceTree = "<group>"; };
		77242C8B203D8255003D9852 /* UITableViewExtensions.swift */ = {isa = PBXFileReference; lastKnownFileType = sourcecode.swift; path = UITableViewExtensions.swift; sourceTree = "<group>"; };
		77242C8D203D833E003D9852 /* UITableViewCellExtensions.swift */ = {isa = PBXFileReference; lastKnownFileType = sourcecode.swift; path = UITableViewCellExtensions.swift; sourceTree = "<group>"; };
		7726BB2E204844B3003231B9 /* StorageManager.swift */ = {isa = PBXFileReference; lastKnownFileType = sourcecode.swift; path = StorageManager.swift; sourceTree = "<group>"; };
		773BEE1B203D98BD006D9677 /* LabelCell.swift */ = {isa = PBXFileReference; lastKnownFileType = sourcecode.swift; path = LabelCell.swift; sourceTree = "<group>"; };
		773BEE1C203D98BD006D9677 /* LabelCell.xib */ = {isa = PBXFileReference; lastKnownFileType = file.xib; path = LabelCell.xib; sourceTree = "<group>"; };
		773BEE1F203D9A02006D9677 /* ImageViewCell.swift */ = {isa = PBXFileReference; lastKnownFileType = sourcecode.swift; path = ImageViewCell.swift; sourceTree = "<group>"; };
		773BEE20203D9A02006D9677 /* ImageViewCell.xib */ = {isa = PBXFileReference; lastKnownFileType = file.xib; path = ImageViewCell.xib; sourceTree = "<group>"; };
		773BEE23203DA462006D9677 /* PhoneCell.swift */ = {isa = PBXFileReference; lastKnownFileType = sourcecode.swift; path = PhoneCell.swift; sourceTree = "<group>"; };
		773BEE24203DA462006D9677 /* PhoneCell.xib */ = {isa = PBXFileReference; lastKnownFileType = file.xib; path = PhoneCell.xib; sourceTree = "<group>"; };
		773BEE29203DA854006D9677 /* RoundedView.swift */ = {isa = PBXFileReference; lastKnownFileType = sourcecode.swift; path = RoundedView.swift; sourceTree = "<group>"; };
		773F7FD920593E9100E5E31B /* FuelCell.swift */ = {isa = PBXFileReference; lastKnownFileType = sourcecode.swift; path = FuelCell.swift; sourceTree = "<group>"; };
		775AAC9A206016260048713C /* TitleCell.swift */ = {isa = PBXFileReference; lastKnownFileType = sourcecode.swift; path = TitleCell.swift; sourceTree = "<group>"; };
		775AAC9C20601C830048713C /* TableViewCellBase.swift */ = {isa = PBXFileReference; lastKnownFileType = sourcecode.swift; path = TableViewCellBase.swift; sourceTree = "<group>"; };
		775FF4C2204D432500A30D98 /* UIColorExtensions.swift */ = {isa = PBXFileReference; lastKnownFileType = sourcecode.swift; path = UIColorExtensions.swift; sourceTree = "<group>"; };
		775FF4C5204D763000A30D98 /* StationInfoController.swift */ = {isa = PBXFileReference; lastKnownFileType = sourcecode.swift; path = StationInfoController.swift; sourceTree = "<group>"; };
		775FF4C7204D87F300A30D98 /* StationInfoViewModel.swift */ = {isa = PBXFileReference; lastKnownFileType = sourcecode.swift; path = StationInfoViewModel.swift; sourceTree = "<group>"; };
		775FF4C9204D91F000A30D98 /* StationInfoAnimationController.swift */ = {isa = PBXFileReference; lastKnownFileType = sourcecode.swift; path = StationInfoAnimationController.swift; sourceTree = "<group>"; };
		775FF4CB204D96D600A30D98 /* StationInfoPresentationController.swift */ = {isa = PBXFileReference; lastKnownFileType = sourcecode.swift; path = StationInfoPresentationController.swift; sourceTree = "<group>"; };
		776DEEAD205FB1E600A82550 /* OrderStatusViewModel.swift */ = {isa = PBXFileReference; lastKnownFileType = sourcecode.swift; path = OrderStatusViewModel.swift; sourceTree = "<group>"; };
		776DEEAF205FCB9700A82550 /* DispenserSelectorSectionData.swift */ = {isa = PBXFileReference; lastKnownFileType = sourcecode.swift; path = DispenserSelectorSectionData.swift; sourceTree = "<group>"; };
		77790A2B205966680062C57E /* UIViewExtensions.swift */ = {isa = PBXFileReference; lastKnownFileType = sourcecode.swift; path = UIViewExtensions.swift; sourceTree = "<group>"; };
		7780BF2E204EE7560064F5A7 /* Dispenser.swift */ = {isa = PBXFileReference; lastKnownFileType = sourcecode.swift; path = Dispenser.swift; sourceTree = "<group>"; };
		7780BF31204F19660064F5A7 /* DispenserSelectorController.swift */ = {isa = PBXFileReference; lastKnownFileType = sourcecode.swift; path = DispenserSelectorController.swift; sourceTree = "<group>"; };
		7780BF33204F19F10064F5A7 /* DispenserCell.swift */ = {isa = PBXFileReference; lastKnownFileType = sourcecode.swift; path = DispenserCell.swift; sourceTree = "<group>"; };
		7780BF38204F4A1C0064F5A7 /* StationInfoRouter.swift */ = {isa = PBXFileReference; lastKnownFileType = sourcecode.swift; path = StationInfoRouter.swift; sourceTree = "<group>"; };
		7792C1712060088900906C5E /* DispensersCell.swift */ = {isa = PBXFileReference; lastKnownFileType = sourcecode.swift; path = DispensersCell.swift; sourceTree = "<group>"; };
		77AADB8E20498D60001DCEBB /* MapsRouter.swift */ = {isa = PBXFileReference; lastKnownFileType = sourcecode.swift; path = MapsRouter.swift; sourceTree = "<group>"; };
		77AADB9020498E3F001DCEBB /* SingUpRouter.swift */ = {isa = PBXFileReference; lastKnownFileType = sourcecode.swift; path = SingUpRouter.swift; sourceTree = "<group>"; };
		77AADB922049A1EB001DCEBB /* MapsViewModel.swift */ = {isa = PBXFileReference; lastKnownFileType = sourcecode.swift; path = MapsViewModel.swift; sourceTree = "<group>"; };
		77ACD209203F1B1A000A18DF /* SignUpViewModel.swift */ = {isa = PBXFileReference; lastKnownFileType = sourcecode.swift; path = SignUpViewModel.swift; sourceTree = "<group>"; };
		77B14D352047F84A001065CA /* SHSPhoneComponentExtensions.swift */ = {isa = PBXFileReference; lastKnownFileType = sourcecode.swift; path = SHSPhoneComponentExtensions.swift; sourceTree = "<group>"; };
		77B384E22056D89400493CBE /* UICollectionViewExtensions.swift */ = {isa = PBXFileReference; lastKnownFileType = sourcecode.swift; path = UICollectionViewExtensions.swift; sourceTree = "<group>"; };
		77B384E42056D8BA00493CBE /* UICollectionViewCellExtensions.swift */ = {isa = PBXFileReference; lastKnownFileType = sourcecode.swift; path = UICollectionViewCellExtensions.swift; sourceTree = "<group>"; };
		77BC5F042050090800BCF788 /* PaymentController.swift */ = {isa = PBXFileReference; lastKnownFileType = sourcecode.swift; path = PaymentController.swift; sourceTree = "<group>"; };
		77BC5F0620500D3200BCF788 /* Gpay.entitlements */ = {isa = PBXFileReference; lastKnownFileType = text.plist.entitlements; path = Gpay.entitlements; sourceTree = "<group>"; };
		77BC5F0720503EDB00BCF788 /* Order.swift */ = {isa = PBXFileReference; lastKnownFileType = sourcecode.swift; path = Order.swift; sourceTree = "<group>"; };
		77C313262044007900DA309B /* Error.swift */ = {isa = PBXFileReference; lastKnownFileType = sourcecode.swift; path = Error.swift; sourceTree = "<group>"; };
		77C313282044394900DA309B /* ResponseError.swift */ = {isa = PBXFileReference; lastKnownFileType = sourcecode.swift; path = ResponseError.swift; sourceTree = "<group>"; };
		77C3132B2044444D00DA309B /* UIViewControllerExtensions.swift */ = {isa = PBXFileReference; lastKnownFileType = sourcecode.swift; path = UIViewControllerExtensions.swift; sourceTree = "<group>"; };
		77C3132D204446BE00DA309B /* UIAlertActionExtensions.swift */ = {isa = PBXFileReference; lastKnownFileType = sourcecode.swift; path = UIAlertActionExtensions.swift; sourceTree = "<group>"; };
		77C3132F2044514000DA309B /* R.generated.swift */ = {isa = PBXFileReference; fileEncoding = 4; lastKnownFileType = sourcecode.swift; path = R.generated.swift; sourceTree = "<group>"; };
		77C43506203EC1E800C8BB90 /* MapsController.swift */ = {isa = PBXFileReference; lastKnownFileType = sourcecode.swift; path = MapsController.swift; sourceTree = "<group>"; };
		77C43A28203F0F5F00C8BB90 /* AuthResponse.swift */ = {isa = PBXFileReference; lastKnownFileType = sourcecode.swift; path = AuthResponse.swift; sourceTree = "<group>"; };
		77C8B9122049412600EB8BEE /* GasStation.swift */ = {isa = PBXFileReference; lastKnownFileType = sourcecode.swift; path = GasStation.swift; sourceTree = "<group>"; };
		77C8B91420494A9200EB8BEE /* WireFrame.swift */ = {isa = PBXFileReference; lastKnownFileType = sourcecode.swift; path = WireFrame.swift; sourceTree = "<group>"; };
		77DE4FAB204AFC60007E440C /* GoogleMapsExtensions.swift */ = {isa = PBXFileReference; lastKnownFileType = sourcecode.swift; path = GoogleMapsExtensions.swift; sourceTree = "<group>"; };
		77FC56452057F44500417812 /* DispenserSelectorViewModel.swift */ = {isa = PBXFileReference; lastKnownFileType = sourcecode.swift; path = DispenserSelectorViewModel.swift; sourceTree = "<group>"; };
		A20F07228E76C9A352E962C4 /* Pods_GpayTests.framework */ = {isa = PBXFileReference; explicitFileType = wrapper.framework; includeInIndex = 0; path = Pods_GpayTests.framework; sourceTree = BUILT_PRODUCTS_DIR; };
		CD1C406BD185BB26F3BB10C8 /* Pods-GpayTests.release.xcconfig */ = {isa = PBXFileReference; includeInIndex = 1; lastKnownFileType = text.xcconfig; name = "Pods-GpayTests.release.xcconfig"; path = "Pods/Target Support Files/Pods-GpayTests/Pods-GpayTests.release.xcconfig"; sourceTree = "<group>"; };
		ED1BBAB7073AAC41908C0020 /* Pods-Gpay.release.xcconfig */ = {isa = PBXFileReference; includeInIndex = 1; lastKnownFileType = text.xcconfig; name = "Pods-Gpay.release.xcconfig"; path = "Pods/Target Support Files/Pods-Gpay/Pods-Gpay.release.xcconfig"; sourceTree = "<group>"; };
/* End PBXFileReference section */

/* Begin PBXFrameworksBuildPhase section */
		771E4C7A203B2BD6003D40C7 /* Frameworks */ = {
			isa = PBXFrameworksBuildPhase;
			buildActionMask = 2147483647;
			files = (
				B06C41531962A13CEA5E50A3 /* Pods_Gpay.framework in Frameworks */,
			);
			runOnlyForDeploymentPostprocessing = 0;
		};
		771E4C8E203B2BD6003D40C7 /* Frameworks */ = {
			isa = PBXFrameworksBuildPhase;
			buildActionMask = 2147483647;
			files = (
				F7680B080F352FC3A7AC8EE0 /* Pods_GpayTests.framework in Frameworks */,
			);
			runOnlyForDeploymentPostprocessing = 0;
		};
		771E4C99203B2BD6003D40C7 /* Frameworks */ = {
			isa = PBXFrameworksBuildPhase;
			buildActionMask = 2147483647;
			files = (
			);
			runOnlyForDeploymentPostprocessing = 0;
		};
/* End PBXFrameworksBuildPhase section */

/* Begin PBXGroup section */
		770A4CB1205AD4AF00E3D43E /* Base */ = {
			isa = PBXGroup;
			children = (
				770A4CB2205AD4CD00E3D43E /* RouterBase.swift */,
				775AAC9C20601C830048713C /* TableViewCellBase.swift */,
			);
			path = Base;
			sourceTree = "<group>";
		};
		770C84C7205C19CB00FC5D6F /* OrderStatus */ = {
			isa = PBXGroup;
			children = (
				770C84C8205C19F500FC5D6F /* OrderStatusController.swift */,
				776DEEAD205FB1E600A82550 /* OrderStatusViewModel.swift */,
			);
			path = OrderStatus;
			sourceTree = "<group>";
		};
		7713ABA6203DC099001F0CFD /* Services */ = {
			isa = PBXGroup;
			children = (
				7713ABAD203DC82E001F0CFD /* ApiClient.swift */,
				7713ABAF203DC902001F0CFD /* API.swift */,
			);
			path = Services;
			sourceTree = "<group>";
		};
		7713ABAA203DC5B7001F0CFD /* App */ = {
			isa = PBXGroup;
			children = (
				77C3132F2044514000DA309B /* R.generated.swift */,
				771E4C80203B2BD6003D40C7 /* AppDelegate.swift */,
				7713ABAB203DC5D5001F0CFD /* Constants.swift */,
			);
			path = App;
			sourceTree = "<group>";
		};
		7719E9BB205A722300B65199 /* OrderDetails */ = {
			isa = PBXGroup;
			children = (
				7719E9BC205A726B00B65199 /* OrderDetailsController.swift */,
				770A4CA5205A8AAF00E3D43E /* OrderDetailsPresentationController.swift */,
				770A4CA7205A8B7E00E3D43E /* OrderDetailsAnimationController.swift */,
				770A4CAB205AA44600E3D43E /* OrderDetailsViewModel.swift */,
			);
			path = OrderDetails;
			sourceTree = "<group>";
		};
		771E4C74203B2BD6003D40C7 = {
			isa = PBXGroup;
			children = (
				771E4C7F203B2BD6003D40C7 /* Gpay */,
				771E4C94203B2BD6003D40C7 /* GpayTests */,
				771E4C9F203B2BD6003D40C7 /* GpayUITests */,
				771E4C7E203B2BD6003D40C7 /* Products */,
				E40B7EF85F8CB80A3E747F70 /* Pods */,
				84E4DF580F326B74C8FB2B5B /* Frameworks */,
			);
			sourceTree = "<group>";
		};
		771E4C7E203B2BD6003D40C7 /* Products */ = {
			isa = PBXGroup;
			children = (
				771E4C7D203B2BD6003D40C7 /* Gpay.app */,
				771E4C91203B2BD6003D40C7 /* GpayTests.xctest */,
				771E4C9C203B2BD6003D40C7 /* GpayUITests.xctest */,
			);
			name = Products;
			sourceTree = "<group>";
		};
		771E4C7F203B2BD6003D40C7 /* Gpay */ = {
			isa = PBXGroup;
			children = (
				770A4CB1205AD4AF00E3D43E /* Base */,
				77242C8A203D822E003D9852 /* Extensions */,
				773BEE27203DA839006D9677 /* Custom */,
				7726BB2D2048449E003231B9 /* Helpers */,
				77C3132A20443F0A00DA309B /* Responses */,
				77C313252044006000DA309B /* Errors */,
				7713ABAA203DC5B7001F0CFD /* App */,
				7713ABA6203DC099001F0CFD /* Services */,
				77FA6FE4203C612200694EB2 /* Modules */,
				771E4C84203B2BD6003D40C7 /* Main.storyboard */,
				771E4C89203B2BD6003D40C7 /* LaunchScreen.storyboard */,
				771E4C87203B2BD6003D40C7 /* Assets.xcassets */,
				77BC5F0620500D3200BCF788 /* Gpay.entitlements */,
				771E4C8C203B2BD6003D40C7 /* Info.plist */,
			);
			path = Gpay;
			sourceTree = "<group>";
		};
		771E4C94203B2BD6003D40C7 /* GpayTests */ = {
			isa = PBXGroup;
			children = (
				771E4C95203B2BD6003D40C7 /* GpayTests.swift */,
				771E4C97203B2BD6003D40C7 /* Info.plist */,
			);
			path = GpayTests;
			sourceTree = "<group>";
		};
		771E4C9F203B2BD6003D40C7 /* GpayUITests */ = {
			isa = PBXGroup;
			children = (
				771E4CA0203B2BD6003D40C7 /* GpayUITests.swift */,
				771E4CA2203B2BD6003D40C7 /* Info.plist */,
			);
			path = GpayUITests;
			sourceTree = "<group>";
		};
		77242C8A203D822E003D9852 /* Extensions */ = {
			isa = PBXGroup;
			children = (
				77242C8B203D8255003D9852 /* UITableViewExtensions.swift */,
				77242C8D203D833E003D9852 /* UITableViewCellExtensions.swift */,
				77C3132B2044444D00DA309B /* UIViewControllerExtensions.swift */,
				77C3132D204446BE00DA309B /* UIAlertActionExtensions.swift */,
				77B14D352047F84A001065CA /* SHSPhoneComponentExtensions.swift */,
				77DE4FAB204AFC60007E440C /* GoogleMapsExtensions.swift */,
				775FF4C2204D432500A30D98 /* UIColorExtensions.swift */,
				77B384E22056D89400493CBE /* UICollectionViewExtensions.swift */,
				77B384E42056D8BA00493CBE /* UICollectionViewCellExtensions.swift */,
				77790A2B205966680062C57E /* UIViewExtensions.swift */,
			);
			path = Extensions;
			sourceTree = "<group>";
		};
		7726BB2D2048449E003231B9 /* Helpers */ = {
			isa = PBXGroup;
			children = (
				7726BB2E204844B3003231B9 /* StorageManager.swift */,
				77C8B91420494A9200EB8BEE /* WireFrame.swift */,
			);
			path = Helpers;
			sourceTree = "<group>";
		};
		773BEE27203DA839006D9677 /* Custom */ = {
			isa = PBXGroup;
			children = (
				773BEE28203DA848006D9677 /* Views */,
			);
			path = Custom;
			sourceTree = "<group>";
		};
		773BEE28203DA848006D9677 /* Views */ = {
			isa = PBXGroup;
			children = (
				773BEE29203DA854006D9677 /* RoundedView.swift */,
				7713ABA4203DB119001F0CFD /* RoundedButton.swift */,
			);
			path = Views;
			sourceTree = "<group>";
		};
		775FF4C4204D75F500A30D98 /* StationInfo */ = {
			isa = PBXGroup;
			children = (
				775FF4C5204D763000A30D98 /* StationInfoController.swift */,
				775FF4C7204D87F300A30D98 /* StationInfoViewModel.swift */,
				775FF4C9204D91F000A30D98 /* StationInfoAnimationController.swift */,
				775FF4CB204D96D600A30D98 /* StationInfoPresentationController.swift */,
				7780BF38204F4A1C0064F5A7 /* StationInfoRouter.swift */,
			);
			path = StationInfo;
			sourceTree = "<group>";
		};
		77790A2520595B4D0062C57E /* Cells */ = {
			isa = PBXGroup;
			children = (
				773F7FD920593E9100E5E31B /* FuelCell.swift */,
				7780BF33204F19F10064F5A7 /* DispenserCell.swift */,
				7792C1712060088900906C5E /* DispensersCell.swift */,
				775AAC9A206016260048713C /* TitleCell.swift */,
			);
			path = Cells;
			sourceTree = "<group>";
		};
		7780BF30204F18E70064F5A7 /* DispenserSelector */ = {
			isa = PBXGroup;
			children = (
				77790A2520595B4D0062C57E /* Cells */,
				7780BF31204F19660064F5A7 /* DispenserSelectorController.swift */,
				77FC56452057F44500417812 /* DispenserSelectorViewModel.swift */,
				770A4CA9205A8F3300E3D43E /* DispenserSelectorRouter.swift */,
				776DEEAF205FCB9700A82550 /* DispenserSelectorSectionData.swift */,
			);
			path = DispenserSelector;
			sourceTree = "<group>";
		};
		77BC5F03205008EA00BCF788 /* ApplePay */ = {
			isa = PBXGroup;
			children = (
				77BC5F0720503EDB00BCF788 /* Order.swift */,
				77BC5F042050090800BCF788 /* PaymentController.swift */,
			);
			path = ApplePay;
			sourceTree = "<group>";
		};
		77C313252044006000DA309B /* Errors */ = {
			isa = PBXGroup;
			children = (
				77C313262044007900DA309B /* Error.swift */,
			);
			path = Errors;
			sourceTree = "<group>";
		};
		77C3132A20443F0A00DA309B /* Responses */ = {
			isa = PBXGroup;
			children = (
				77C313282044394900DA309B /* ResponseError.swift */,
				77C8B9122049412600EB8BEE /* GasStation.swift */,
				77C43A28203F0F5F00C8BB90 /* AuthResponse.swift */,
				7780BF2E204EE7560064F5A7 /* Dispenser.swift */,
				770A4CAD205ACE3400E3D43E /* OrderResponse.swift */,
				770A4CB6205ADAD600E3D43E /* Payment.swift */,
				770C84C5205C12E100FC5D6F /* OrderStatus.swift */,
			);
			path = Responses;
			sourceTree = "<group>";
		};
		77C43505203EC1C000C8BB90 /* Maps */ = {
			isa = PBXGroup;
			children = (
				77C43506203EC1E800C8BB90 /* MapsController.swift */,
				77AADB8E20498D60001DCEBB /* MapsRouter.swift */,
				77AADB922049A1EB001DCEBB /* MapsViewModel.swift */,
			);
			path = Maps;
			sourceTree = "<group>";
		};
		77FA6FE4203C612200694EB2 /* Modules */ = {
			isa = PBXGroup;
			children = (
				770C84C7205C19CB00FC5D6F /* OrderStatus */,
				7719E9BB205A722300B65199 /* OrderDetails */,
				77BC5F03205008EA00BCF788 /* ApplePay */,
				7780BF30204F18E70064F5A7 /* DispenserSelector */,
				775FF4C4204D75F500A30D98 /* StationInfo */,
				77FA6FE5203C613200694EB2 /* Signup */,
				77C43505203EC1C000C8BB90 /* Maps */,
			);
			path = Modules;
			sourceTree = "<group>";
		};
		77FA6FE5203C613200694EB2 /* Signup */ = {
			isa = PBXGroup;
			children = (
				77FA6FE6203C61E500694EB2 /* Views */,
				77242C87203D6F12003D9852 /* SingUpController.swift */,
				77ACD209203F1B1A000A18DF /* SignUpViewModel.swift */,
				77AADB9020498E3F001DCEBB /* SingUpRouter.swift */,
			);
			path = Signup;
			sourceTree = "<group>";
		};
		77FA6FE6203C61E500694EB2 /* Views */ = {
			isa = PBXGroup;
			children = (
				773BEE1B203D98BD006D9677 /* LabelCell.swift */,
				773BEE1C203D98BD006D9677 /* LabelCell.xib */,
				773BEE1F203D9A02006D9677 /* ImageViewCell.swift */,
				773BEE20203D9A02006D9677 /* ImageViewCell.xib */,
				773BEE23203DA462006D9677 /* PhoneCell.swift */,
				773BEE24203DA462006D9677 /* PhoneCell.xib */,
				7713ABA0203DB0B3001F0CFD /* ButtonCell.swift */,
				7713ABA1203DB0B3001F0CFD /* ButtonCell.xib */,
			);
			path = Views;
			sourceTree = "<group>";
		};
		84E4DF580F326B74C8FB2B5B /* Frameworks */ = {
			isa = PBXGroup;
			children = (
				521269A89BA4413A881E475A /* Pods_Gpay.framework */,
				A20F07228E76C9A352E962C4 /* Pods_GpayTests.framework */,
			);
			name = Frameworks;
			sourceTree = "<group>";
		};
		E40B7EF85F8CB80A3E747F70 /* Pods */ = {
			isa = PBXGroup;
			children = (
				26AE85CDBE13585DDC294D97 /* Pods-Gpay.debug.xcconfig */,
				ED1BBAB7073AAC41908C0020 /* Pods-Gpay.release.xcconfig */,
				53C33C6989D86C83D6DB2216 /* Pods-GpayTests.debug.xcconfig */,
				CD1C406BD185BB26F3BB10C8 /* Pods-GpayTests.release.xcconfig */,
			);
			name = Pods;
			sourceTree = "<group>";
		};
/* End PBXGroup section */

/* Begin PBXNativeTarget section */
		771E4C7C203B2BD6003D40C7 /* Gpay */ = {
			isa = PBXNativeTarget;
			buildConfigurationList = 771E4CA5203B2BD6003D40C7 /* Build configuration list for PBXNativeTarget "Gpay" */;
			buildPhases = (
				6F1D1B1A92A49098BFDCA7E8 /* [CP] Check Pods Manifest.lock */,
				7713ABA7203DC16F001F0CFD /* ShellScript */,
				771E4C79203B2BD6003D40C7 /* Sources */,
				771E4C7A203B2BD6003D40C7 /* Frameworks */,
				771E4C7B203B2BD6003D40C7 /* Resources */,
				214137B4AD3C3F3CF1D694DE /* [CP] Embed Pods Frameworks */,
				2235CD8692127822931F01BC /* [CP] Copy Pods Resources */,
			);
			buildRules = (
			);
			dependencies = (
			);
			name = Gpay;
			productName = Gpay;
			productReference = 771E4C7D203B2BD6003D40C7 /* Gpay.app */;
			productType = "com.apple.product-type.application";
		};
		771E4C90203B2BD6003D40C7 /* GpayTests */ = {
			isa = PBXNativeTarget;
			buildConfigurationList = 771E4CA8203B2BD6003D40C7 /* Build configuration list for PBXNativeTarget "GpayTests" */;
			buildPhases = (
				55B40E4898E64BD445F427DE /* [CP] Check Pods Manifest.lock */,
				771E4C8D203B2BD6003D40C7 /* Sources */,
				771E4C8E203B2BD6003D40C7 /* Frameworks */,
				771E4C8F203B2BD6003D40C7 /* Resources */,
				B7E12E668DFB5A8E08DE15BB /* [CP] Embed Pods Frameworks */,
				316FECC94B73686A5352A295 /* [CP] Copy Pods Resources */,
			);
			buildRules = (
			);
			dependencies = (
				771E4C93203B2BD6003D40C7 /* PBXTargetDependency */,
			);
			name = GpayTests;
			productName = GpayTests;
			productReference = 771E4C91203B2BD6003D40C7 /* GpayTests.xctest */;
			productType = "com.apple.product-type.bundle.unit-test";
		};
		771E4C9B203B2BD6003D40C7 /* GpayUITests */ = {
			isa = PBXNativeTarget;
			buildConfigurationList = 771E4CAB203B2BD6003D40C7 /* Build configuration list for PBXNativeTarget "GpayUITests" */;
			buildPhases = (
				771E4C98203B2BD6003D40C7 /* Sources */,
				771E4C99203B2BD6003D40C7 /* Frameworks */,
				771E4C9A203B2BD6003D40C7 /* Resources */,
			);
			buildRules = (
			);
			dependencies = (
				771E4C9E203B2BD6003D40C7 /* PBXTargetDependency */,
			);
			name = GpayUITests;
			productName = GpayUITests;
			productReference = 771E4C9C203B2BD6003D40C7 /* GpayUITests.xctest */;
			productType = "com.apple.product-type.bundle.ui-testing";
		};
/* End PBXNativeTarget section */

/* Begin PBXProject section */
		771E4C75203B2BD6003D40C7 /* Project object */ = {
			isa = PBXProject;
			attributes = {
				LastSwiftUpdateCheck = 0920;
				LastUpgradeCheck = 0920;
				ORGANIZATIONNAME = gpn;
				TargetAttributes = {
					771E4C7C203B2BD6003D40C7 = {
						CreatedOnToolsVersion = 9.2;
						ProvisioningStyle = Automatic;
						SystemCapabilities = {
							com.apple.ApplePay = {
								enabled = 1;
							};
						};
					};
					771E4C90203B2BD6003D40C7 = {
						CreatedOnToolsVersion = 9.2;
						ProvisioningStyle = Automatic;
						TestTargetID = 771E4C7C203B2BD6003D40C7;
					};
					771E4C9B203B2BD6003D40C7 = {
						CreatedOnToolsVersion = 9.2;
						ProvisioningStyle = Automatic;
						TestTargetID = 771E4C7C203B2BD6003D40C7;
					};
				};
			};
			buildConfigurationList = 771E4C78203B2BD6003D40C7 /* Build configuration list for PBXProject "Gpay" */;
			compatibilityVersion = "Xcode 8.0";
			developmentRegion = en;
			hasScannedForEncodings = 0;
			knownRegions = (
				en,
				Base,
			);
			mainGroup = 771E4C74203B2BD6003D40C7;
			productRefGroup = 771E4C7E203B2BD6003D40C7 /* Products */;
			projectDirPath = "";
			projectRoot = "";
			targets = (
				771E4C7C203B2BD6003D40C7 /* Gpay */,
				771E4C90203B2BD6003D40C7 /* GpayTests */,
				771E4C9B203B2BD6003D40C7 /* GpayUITests */,
			);
		};
/* End PBXProject section */

/* Begin PBXResourcesBuildPhase section */
		771E4C7B203B2BD6003D40C7 /* Resources */ = {
			isa = PBXResourcesBuildPhase;
			buildActionMask = 2147483647;
			files = (
				771E4C8B203B2BD6003D40C7 /* LaunchScreen.storyboard in Resources */,
				773BEE22203D9A02006D9677 /* ImageViewCell.xib in Resources */,
				771E4C88203B2BD6003D40C7 /* Assets.xcassets in Resources */,
				773BEE1E203D98BD006D9677 /* LabelCell.xib in Resources */,
				7713ABA3203DB0B3001F0CFD /* ButtonCell.xib in Resources */,
				773BEE26203DA462006D9677 /* PhoneCell.xib in Resources */,
				771E4C86203B2BD6003D40C7 /* Main.storyboard in Resources */,
			);
			runOnlyForDeploymentPostprocessing = 0;
		};
		771E4C8F203B2BD6003D40C7 /* Resources */ = {
			isa = PBXResourcesBuildPhase;
			buildActionMask = 2147483647;
			files = (
			);
			runOnlyForDeploymentPostprocessing = 0;
		};
		771E4C9A203B2BD6003D40C7 /* Resources */ = {
			isa = PBXResourcesBuildPhase;
			buildActionMask = 2147483647;
			files = (
			);
			runOnlyForDeploymentPostprocessing = 0;
		};
/* End PBXResourcesBuildPhase section */

/* Begin PBXShellScriptBuildPhase section */
		214137B4AD3C3F3CF1D694DE /* [CP] Embed Pods Frameworks */ = {
			isa = PBXShellScriptBuildPhase;
			buildActionMask = 2147483647;
			files = (
			);
			inputPaths = (
				"${SRCROOT}/Pods/Target Support Files/Pods-Gpay/Pods-Gpay-frameworks.sh",
				"${BUILT_PRODUCTS_DIR}/Alamofire/Alamofire.framework",
				"${BUILT_PRODUCTS_DIR}/Differentiator/Differentiator.framework",
				"${BUILT_PRODUCTS_DIR}/KeychainAccess/KeychainAccess.framework",
				"${BUILT_PRODUCTS_DIR}/Moya/Moya.framework",
				"${BUILT_PRODUCTS_DIR}/R.swift.Library/Rswift.framework",
				"${BUILT_PRODUCTS_DIR}/Result/Result.framework",
				"${BUILT_PRODUCTS_DIR}/RxCocoa/RxCocoa.framework",
				"${BUILT_PRODUCTS_DIR}/RxDataSources/RxDataSources.framework",
				"${BUILT_PRODUCTS_DIR}/RxSwift/RxSwift.framework",
				"${BUILT_PRODUCTS_DIR}/SHSPhoneComponent/SHSPhoneComponent.framework",
				"${BUILT_PRODUCTS_DIR}/Swinject/Swinject.framework",
			);
			name = "[CP] Embed Pods Frameworks";
			outputPaths = (
				"${TARGET_BUILD_DIR}/${FRAMEWORKS_FOLDER_PATH}/Alamofire.framework",
				"${TARGET_BUILD_DIR}/${FRAMEWORKS_FOLDER_PATH}/Differentiator.framework",
				"${TARGET_BUILD_DIR}/${FRAMEWORKS_FOLDER_PATH}/KeychainAccess.framework",
				"${TARGET_BUILD_DIR}/${FRAMEWORKS_FOLDER_PATH}/Moya.framework",
				"${TARGET_BUILD_DIR}/${FRAMEWORKS_FOLDER_PATH}/Rswift.framework",
				"${TARGET_BUILD_DIR}/${FRAMEWORKS_FOLDER_PATH}/Result.framework",
				"${TARGET_BUILD_DIR}/${FRAMEWORKS_FOLDER_PATH}/RxCocoa.framework",
				"${TARGET_BUILD_DIR}/${FRAMEWORKS_FOLDER_PATH}/RxDataSources.framework",
				"${TARGET_BUILD_DIR}/${FRAMEWORKS_FOLDER_PATH}/RxSwift.framework",
				"${TARGET_BUILD_DIR}/${FRAMEWORKS_FOLDER_PATH}/SHSPhoneComponent.framework",
				"${TARGET_BUILD_DIR}/${FRAMEWORKS_FOLDER_PATH}/Swinject.framework",
			);
			runOnlyForDeploymentPostprocessing = 0;
			shellPath = /bin/sh;
			shellScript = "\"${SRCROOT}/Pods/Target Support Files/Pods-Gpay/Pods-Gpay-frameworks.sh\"\n";
			showEnvVarsInLog = 0;
		};
		2235CD8692127822931F01BC /* [CP] Copy Pods Resources */ = {
			isa = PBXShellScriptBuildPhase;
			buildActionMask = 2147483647;
			files = (
			);
			inputPaths = (
				"${SRCROOT}/Pods/Target Support Files/Pods-Gpay/Pods-Gpay-resources.sh",
				"${PODS_ROOT}/GoogleMaps/Maps/Frameworks/GoogleMaps.framework/Resources/GoogleMaps.bundle",
			);
			name = "[CP] Copy Pods Resources";
			outputPaths = (
				"${TARGET_BUILD_DIR}/${UNLOCALIZED_RESOURCES_FOLDER_PATH}/GoogleMaps.bundle",
			);
			runOnlyForDeploymentPostprocessing = 0;
			shellPath = /bin/sh;
			shellScript = "\"${SRCROOT}/Pods/Target Support Files/Pods-Gpay/Pods-Gpay-resources.sh\"\n";
			showEnvVarsInLog = 0;
		};
		316FECC94B73686A5352A295 /* [CP] Copy Pods Resources */ = {
			isa = PBXShellScriptBuildPhase;
			buildActionMask = 2147483647;
			files = (
			);
			inputPaths = (
			);
			name = "[CP] Copy Pods Resources";
			outputPaths = (
			);
			runOnlyForDeploymentPostprocessing = 0;
			shellPath = /bin/sh;
			shellScript = "\"${SRCROOT}/Pods/Target Support Files/Pods-GpayTests/Pods-GpayTests-resources.sh\"\n";
			showEnvVarsInLog = 0;
		};
		55B40E4898E64BD445F427DE /* [CP] Check Pods Manifest.lock */ = {
			isa = PBXShellScriptBuildPhase;
			buildActionMask = 2147483647;
			files = (
			);
			inputPaths = (
				"${PODS_PODFILE_DIR_PATH}/Podfile.lock",
				"${PODS_ROOT}/Manifest.lock",
			);
			name = "[CP] Check Pods Manifest.lock";
			outputPaths = (
				"$(DERIVED_FILE_DIR)/Pods-GpayTests-checkManifestLockResult.txt",
			);
			runOnlyForDeploymentPostprocessing = 0;
			shellPath = /bin/sh;
			shellScript = "diff \"${PODS_PODFILE_DIR_PATH}/Podfile.lock\" \"${PODS_ROOT}/Manifest.lock\" > /dev/null\nif [ $? != 0 ] ; then\n    # print error to STDERR\n    echo \"error: The sandbox is not in sync with the Podfile.lock. Run 'pod install' or update your CocoaPods installation.\" >&2\n    exit 1\nfi\n# This output is used by Xcode 'outputs' to avoid re-running this script phase.\necho \"SUCCESS\" > \"${SCRIPT_OUTPUT_FILE_0}\"\n";
			showEnvVarsInLog = 0;
		};
		6F1D1B1A92A49098BFDCA7E8 /* [CP] Check Pods Manifest.lock */ = {
			isa = PBXShellScriptBuildPhase;
			buildActionMask = 2147483647;
			files = (
			);
			inputPaths = (
				"${PODS_PODFILE_DIR_PATH}/Podfile.lock",
				"${PODS_ROOT}/Manifest.lock",
			);
			name = "[CP] Check Pods Manifest.lock";
			outputPaths = (
				"$(DERIVED_FILE_DIR)/Pods-Gpay-checkManifestLockResult.txt",
			);
			runOnlyForDeploymentPostprocessing = 0;
			shellPath = /bin/sh;
			shellScript = "diff \"${PODS_PODFILE_DIR_PATH}/Podfile.lock\" \"${PODS_ROOT}/Manifest.lock\" > /dev/null\nif [ $? != 0 ] ; then\n    # print error to STDERR\n    echo \"error: The sandbox is not in sync with the Podfile.lock. Run 'pod install' or update your CocoaPods installation.\" >&2\n    exit 1\nfi\n# This output is used by Xcode 'outputs' to avoid re-running this script phase.\necho \"SUCCESS\" > \"${SCRIPT_OUTPUT_FILE_0}\"\n";
			showEnvVarsInLog = 0;
		};
		7713ABA7203DC16F001F0CFD /* ShellScript */ = {
			isa = PBXShellScriptBuildPhase;
			buildActionMask = 2147483647;
			files = (
			);
			inputPaths = (
			);
			outputPaths = (
			);
			runOnlyForDeploymentPostprocessing = 0;
			shellPath = /bin/sh;
			shellScript = "\"$PODS_ROOT/R.swift/rswift\" generate \"$SRCROOT/Gpay/App\"";
		};
		B7E12E668DFB5A8E08DE15BB /* [CP] Embed Pods Frameworks */ = {
			isa = PBXShellScriptBuildPhase;
			buildActionMask = 2147483647;
			files = (
			);
			inputPaths = (
				"${SRCROOT}/Pods/Target Support Files/Pods-GpayTests/Pods-GpayTests-frameworks.sh",
				"${BUILT_PRODUCTS_DIR}/RxCocoa/RxCocoa.framework",
				"${BUILT_PRODUCTS_DIR}/RxSwift/RxSwift.framework",
				"${BUILT_PRODUCTS_DIR}/RxBlocking/RxBlocking.framework",
				"${BUILT_PRODUCTS_DIR}/RxTest/RxTest.framework",
			);
			name = "[CP] Embed Pods Frameworks";
			outputPaths = (
				"${TARGET_BUILD_DIR}/${FRAMEWORKS_FOLDER_PATH}/RxCocoa.framework",
				"${TARGET_BUILD_DIR}/${FRAMEWORKS_FOLDER_PATH}/RxSwift.framework",
				"${TARGET_BUILD_DIR}/${FRAMEWORKS_FOLDER_PATH}/RxBlocking.framework",
				"${TARGET_BUILD_DIR}/${FRAMEWORKS_FOLDER_PATH}/RxTest.framework",
			);
			runOnlyForDeploymentPostprocessing = 0;
			shellPath = /bin/sh;
			shellScript = "\"${SRCROOT}/Pods/Target Support Files/Pods-GpayTests/Pods-GpayTests-frameworks.sh\"\n";
			showEnvVarsInLog = 0;
		};
/* End PBXShellScriptBuildPhase section */

/* Begin PBXSourcesBuildPhase section */
		771E4C79203B2BD6003D40C7 /* Sources */ = {
			isa = PBXSourcesBuildPhase;
			buildActionMask = 2147483647;
			files = (
				773BEE2A203DA854006D9677 /* RoundedView.swift in Sources */,
				7713ABA5203DB119001F0CFD /* RoundedButton.swift in Sources */,
				776DEEAE205FB1E600A82550 /* OrderStatusViewModel.swift in Sources */,
				77B384E52056D8BA00493CBE /* UICollectionViewCellExtensions.swift in Sources */,
				770C84C6205C12E100FC5D6F /* OrderStatus.swift in Sources */,
				77BC5F0820503EDB00BCF788 /* Order.swift in Sources */,
				77790A2C205966680062C57E /* UIViewExtensions.swift in Sources */,
				77242C88203D6F12003D9852 /* SingUpController.swift in Sources */,
				776DEEB0205FCB9700A82550 /* DispenserSelectorSectionData.swift in Sources */,
				77FC56462057F44500417812 /* DispenserSelectorViewModel.swift in Sources */,
				7713ABA2203DB0B3001F0CFD /* ButtonCell.swift in Sources */,
				775FF4CA204D91F000A30D98 /* StationInfoAnimationController.swift in Sources */,
				775AAC9B206016260048713C /* TitleCell.swift in Sources */,
				77AADB9120498E3F001DCEBB /* SingUpRouter.swift in Sources */,
				775FF4CC204D96D600A30D98 /* StationInfoPresentationController.swift in Sources */,
				77C3132E204446BE00DA309B /* UIAlertActionExtensions.swift in Sources */,
				7780BF32204F19660064F5A7 /* DispenserSelectorController.swift in Sources */,
				7780BF39204F4A1C0064F5A7 /* StationInfoRouter.swift in Sources */,
				77ACD20A203F1B1A000A18DF /* SignUpViewModel.swift in Sources */,
				773BEE25203DA462006D9677 /* PhoneCell.swift in Sources */,
				77B14D362047F84A001065CA /* SHSPhoneComponentExtensions.swift in Sources */,
				775FF4C3204D432500A30D98 /* UIColorExtensions.swift in Sources */,
				7780BF34204F19F10064F5A7 /* DispenserCell.swift in Sources */,
				77C313292044394900DA309B /* ResponseError.swift in Sources */,
				770A4CA6205A8AAF00E3D43E /* OrderDetailsPresentationController.swift in Sources */,
				770A4CA8205A8B7E00E3D43E /* OrderDetailsAnimationController.swift in Sources */,
				77C313302044514100DA309B /* R.generated.swift in Sources */,
				771E4C81203B2BD6003D40C7 /* AppDelegate.swift in Sources */,
				7713ABB0203DC902001F0CFD /* API.swift in Sources */,
				7792C1722060088900906C5E /* DispensersCell.swift in Sources */,
				77C8B9132049412600EB8BEE /* GasStation.swift in Sources */,
				770A4CAA205A8F3300E3D43E /* DispenserSelectorRouter.swift in Sources */,
				770A4CB7205ADAD600E3D43E /* Payment.swift in Sources */,
				775FF4C8204D87F300A30D98 /* StationInfoViewModel.swift in Sources */,
				77242C8C203D8255003D9852 /* UITableViewExtensions.swift in Sources */,
				775AAC9D20601C830048713C /* TableViewCellBase.swift in Sources */,
				773F7FDA20593E9100E5E31B /* FuelCell.swift in Sources */,
				77AADB932049A1EB001DCEBB /* MapsViewModel.swift in Sources */,
				7780BF2F204EE7560064F5A7 /* Dispenser.swift in Sources */,
				770A4CAE205ACE3400E3D43E /* OrderResponse.swift in Sources */,
				77AADB8F20498D61001DCEBB /* MapsRouter.swift in Sources */,
				775FF4C6204D763000A30D98 /* StationInfoController.swift in Sources */,
				773BEE1D203D98BD006D9677 /* LabelCell.swift in Sources */,
				7726BB2F204844B3003231B9 /* StorageManager.swift in Sources */,
				7713ABAE203DC82E001F0CFD /* ApiClient.swift in Sources */,
				77C8B91520494A9200EB8BEE /* WireFrame.swift in Sources */,
				770C84C9205C19F500FC5D6F /* OrderStatusController.swift in Sources */,
				77C3132C2044444D00DA309B /* UIViewControllerExtensions.swift in Sources */,
				773BEE21203D9A02006D9677 /* ImageViewCell.swift in Sources */,
				770A4CB3205AD4CD00E3D43E /* RouterBase.swift in Sources */,
				77BC5F052050090800BCF788 /* PaymentController.swift in Sources */,
				77242C8E203D833E003D9852 /* UITableViewCellExtensions.swift in Sources */,
				7719E9BD205A726B00B65199 /* OrderDetailsController.swift in Sources */,
				7713ABAC203DC5D5001F0CFD /* Constants.swift in Sources */,
				77DE4FAC204AFC60007E440C /* GoogleMapsExtensions.swift in Sources */,
				77C43507203EC1E800C8BB90 /* MapsController.swift in Sources */,
				770A4CAC205AA44600E3D43E /* OrderDetailsViewModel.swift in Sources */,
				77C43A29203F0F5F00C8BB90 /* AuthResponse.swift in Sources */,
				77C313272044007900DA309B /* Error.swift in Sources */,
				77B384E32056D89400493CBE /* UICollectionViewExtensions.swift in Sources */,
			);
			runOnlyForDeploymentPostprocessing = 0;
		};
		771E4C8D203B2BD6003D40C7 /* Sources */ = {
			isa = PBXSourcesBuildPhase;
			buildActionMask = 2147483647;
			files = (
				771E4C96203B2BD6003D40C7 /* GpayTests.swift in Sources */,
			);
			runOnlyForDeploymentPostprocessing = 0;
		};
		771E4C98203B2BD6003D40C7 /* Sources */ = {
			isa = PBXSourcesBuildPhase;
			buildActionMask = 2147483647;
			files = (
				771E4CA1203B2BD6003D40C7 /* GpayUITests.swift in Sources */,
			);
			runOnlyForDeploymentPostprocessing = 0;
		};
/* End PBXSourcesBuildPhase section */

/* Begin PBXTargetDependency section */
		771E4C93203B2BD6003D40C7 /* PBXTargetDependency */ = {
			isa = PBXTargetDependency;
			target = 771E4C7C203B2BD6003D40C7 /* Gpay */;
			targetProxy = 771E4C92203B2BD6003D40C7 /* PBXContainerItemProxy */;
		};
		771E4C9E203B2BD6003D40C7 /* PBXTargetDependency */ = {
			isa = PBXTargetDependency;
			target = 771E4C7C203B2BD6003D40C7 /* Gpay */;
			targetProxy = 771E4C9D203B2BD6003D40C7 /* PBXContainerItemProxy */;
		};
/* End PBXTargetDependency section */

/* Begin PBXVariantGroup section */
		771E4C84203B2BD6003D40C7 /* Main.storyboard */ = {
			isa = PBXVariantGroup;
			children = (
				771E4C85203B2BD6003D40C7 /* Base */,
			);
			name = Main.storyboard;
			sourceTree = "<group>";
		};
		771E4C89203B2BD6003D40C7 /* LaunchScreen.storyboard */ = {
			isa = PBXVariantGroup;
			children = (
				771E4C8A203B2BD6003D40C7 /* Base */,
			);
			name = LaunchScreen.storyboard;
			sourceTree = "<group>";
		};
/* End PBXVariantGroup section */

/* Begin XCBuildConfiguration section */
		771E4CA3203B2BD6003D40C7 /* Debug */ = {
			isa = XCBuildConfiguration;
			buildSettings = {
				ALWAYS_SEARCH_USER_PATHS = NO;
				CLANG_ANALYZER_NONNULL = YES;
				CLANG_ANALYZER_NUMBER_OBJECT_CONVERSION = YES_AGGRESSIVE;
				CLANG_CXX_LANGUAGE_STANDARD = "gnu++14";
				CLANG_CXX_LIBRARY = "libc++";
				CLANG_ENABLE_MODULES = YES;
				CLANG_ENABLE_OBJC_ARC = YES;
				CLANG_WARN_BLOCK_CAPTURE_AUTORELEASING = YES;
				CLANG_WARN_BOOL_CONVERSION = YES;
				CLANG_WARN_COMMA = YES;
				CLANG_WARN_CONSTANT_CONVERSION = YES;
				CLANG_WARN_DIRECT_OBJC_ISA_USAGE = YES_ERROR;
				CLANG_WARN_DOCUMENTATION_COMMENTS = YES;
				CLANG_WARN_EMPTY_BODY = YES;
				CLANG_WARN_ENUM_CONVERSION = YES;
				CLANG_WARN_INFINITE_RECURSION = YES;
				CLANG_WARN_INT_CONVERSION = YES;
				CLANG_WARN_NON_LITERAL_NULL_CONVERSION = YES;
				CLANG_WARN_OBJC_LITERAL_CONVERSION = YES;
				CLANG_WARN_OBJC_ROOT_CLASS = YES_ERROR;
				CLANG_WARN_RANGE_LOOP_ANALYSIS = YES;
				CLANG_WARN_STRICT_PROTOTYPES = YES;
				CLANG_WARN_SUSPICIOUS_MOVE = YES;
				CLANG_WARN_UNGUARDED_AVAILABILITY = YES_AGGRESSIVE;
				CLANG_WARN_UNREACHABLE_CODE = YES;
				CLANG_WARN__DUPLICATE_METHOD_MATCH = YES;
				CODE_SIGN_IDENTITY = "iPhone Developer";
				COPY_PHASE_STRIP = NO;
				DEBUG_INFORMATION_FORMAT = dwarf;
				ENABLE_STRICT_OBJC_MSGSEND = YES;
				ENABLE_TESTABILITY = YES;
				GCC_C_LANGUAGE_STANDARD = gnu11;
				GCC_DYNAMIC_NO_PIC = NO;
				GCC_NO_COMMON_BLOCKS = YES;
				GCC_OPTIMIZATION_LEVEL = 0;
				GCC_PREPROCESSOR_DEFINITIONS = (
					"DEBUG=1",
					"$(inherited)",
				);
				GCC_WARN_64_TO_32_BIT_CONVERSION = YES;
				GCC_WARN_ABOUT_RETURN_TYPE = YES_ERROR;
				GCC_WARN_UNDECLARED_SELECTOR = YES;
				GCC_WARN_UNINITIALIZED_AUTOS = YES_AGGRESSIVE;
				GCC_WARN_UNUSED_FUNCTION = YES;
				GCC_WARN_UNUSED_VARIABLE = YES;
				IPHONEOS_DEPLOYMENT_TARGET = 11.2;
				MTL_ENABLE_DEBUG_INFO = YES;
				ONLY_ACTIVE_ARCH = YES;
				SDKROOT = iphoneos;
				SWIFT_ACTIVE_COMPILATION_CONDITIONS = DEBUG;
				SWIFT_OPTIMIZATION_LEVEL = "-Onone";
			};
			name = Debug;
		};
		771E4CA4203B2BD6003D40C7 /* Release */ = {
			isa = XCBuildConfiguration;
			buildSettings = {
				ALWAYS_SEARCH_USER_PATHS = NO;
				CLANG_ANALYZER_NONNULL = YES;
				CLANG_ANALYZER_NUMBER_OBJECT_CONVERSION = YES_AGGRESSIVE;
				CLANG_CXX_LANGUAGE_STANDARD = "gnu++14";
				CLANG_CXX_LIBRARY = "libc++";
				CLANG_ENABLE_MODULES = YES;
				CLANG_ENABLE_OBJC_ARC = YES;
				CLANG_WARN_BLOCK_CAPTURE_AUTORELEASING = YES;
				CLANG_WARN_BOOL_CONVERSION = YES;
				CLANG_WARN_COMMA = YES;
				CLANG_WARN_CONSTANT_CONVERSION = YES;
				CLANG_WARN_DIRECT_OBJC_ISA_USAGE = YES_ERROR;
				CLANG_WARN_DOCUMENTATION_COMMENTS = YES;
				CLANG_WARN_EMPTY_BODY = YES;
				CLANG_WARN_ENUM_CONVERSION = YES;
				CLANG_WARN_INFINITE_RECURSION = YES;
				CLANG_WARN_INT_CONVERSION = YES;
				CLANG_WARN_NON_LITERAL_NULL_CONVERSION = YES;
				CLANG_WARN_OBJC_LITERAL_CONVERSION = YES;
				CLANG_WARN_OBJC_ROOT_CLASS = YES_ERROR;
				CLANG_WARN_RANGE_LOOP_ANALYSIS = YES;
				CLANG_WARN_STRICT_PROTOTYPES = YES;
				CLANG_WARN_SUSPICIOUS_MOVE = YES;
				CLANG_WARN_UNGUARDED_AVAILABILITY = YES_AGGRESSIVE;
				CLANG_WARN_UNREACHABLE_CODE = YES;
				CLANG_WARN__DUPLICATE_METHOD_MATCH = YES;
				CODE_SIGN_IDENTITY = "iPhone Developer";
				COPY_PHASE_STRIP = NO;
				DEBUG_INFORMATION_FORMAT = "dwarf-with-dsym";
				ENABLE_NS_ASSERTIONS = NO;
				ENABLE_STRICT_OBJC_MSGSEND = YES;
				GCC_C_LANGUAGE_STANDARD = gnu11;
				GCC_NO_COMMON_BLOCKS = YES;
				GCC_WARN_64_TO_32_BIT_CONVERSION = YES;
				GCC_WARN_ABOUT_RETURN_TYPE = YES_ERROR;
				GCC_WARN_UNDECLARED_SELECTOR = YES;
				GCC_WARN_UNINITIALIZED_AUTOS = YES_AGGRESSIVE;
				GCC_WARN_UNUSED_FUNCTION = YES;
				GCC_WARN_UNUSED_VARIABLE = YES;
				IPHONEOS_DEPLOYMENT_TARGET = 11.2;
				MTL_ENABLE_DEBUG_INFO = NO;
				SDKROOT = iphoneos;
				SWIFT_OPTIMIZATION_LEVEL = "-Owholemodule";
				VALIDATE_PRODUCT = YES;
			};
			name = Release;
		};
		771E4CA6203B2BD6003D40C7 /* Debug */ = {
			isa = XCBuildConfiguration;
			baseConfigurationReference = 26AE85CDBE13585DDC294D97 /* Pods-Gpay.debug.xcconfig */;
			buildSettings = {
				ASSETCATALOG_COMPILER_APPICON_NAME = AppIcon;
				CODE_SIGN_ENTITLEMENTS = Gpay/Gpay.entitlements;
				CODE_SIGN_STYLE = Automatic;
				DEVELOPMENT_TEAM = 6BT398QG55;
				INFOPLIST_FILE = Gpay/Info.plist;
				IPHONEOS_DEPLOYMENT_TARGET = 10.3;
				LD_RUNPATH_SEARCH_PATHS = "$(inherited) @executable_path/Frameworks";
				PRODUCT_BUNDLE_IDENTIFIER = com.gpn.Gpay;
				PRODUCT_NAME = "$(TARGET_NAME)";
				SWIFT_VERSION = 4.0;
				TARGETED_DEVICE_FAMILY = 1;
			};
			name = Debug;
		};
		771E4CA7203B2BD6003D40C7 /* Release */ = {
			isa = XCBuildConfiguration;
			baseConfigurationReference = ED1BBAB7073AAC41908C0020 /* Pods-Gpay.release.xcconfig */;
			buildSettings = {
				ASSETCATALOG_COMPILER_APPICON_NAME = AppIcon;
				CODE_SIGN_ENTITLEMENTS = Gpay/Gpay.entitlements;
				CODE_SIGN_STYLE = Automatic;
				DEVELOPMENT_TEAM = 6BT398QG55;
				INFOPLIST_FILE = Gpay/Info.plist;
				IPHONEOS_DEPLOYMENT_TARGET = 10.3;
				LD_RUNPATH_SEARCH_PATHS = "$(inherited) @executable_path/Frameworks";
				PRODUCT_BUNDLE_IDENTIFIER = com.gpn.Gpay;
				PRODUCT_NAME = "$(TARGET_NAME)";
				SWIFT_VERSION = 4.0;
				TARGETED_DEVICE_FAMILY = 1;
			};
			name = Release;
		};
		771E4CA9203B2BD6003D40C7 /* Debug */ = {
			isa = XCBuildConfiguration;
			baseConfigurationReference = 53C33C6989D86C83D6DB2216 /* Pods-GpayTests.debug.xcconfig */;
			buildSettings = {
				ALWAYS_EMBED_SWIFT_STANDARD_LIBRARIES = YES;
				BUNDLE_LOADER = "$(TEST_HOST)";
				CODE_SIGN_STYLE = Automatic;
				DEVELOPMENT_TEAM = 6BT398QG55;
				INFOPLIST_FILE = GpayTests/Info.plist;
				LD_RUNPATH_SEARCH_PATHS = "$(inherited) @executable_path/Frameworks @loader_path/Frameworks";
				PRODUCT_BUNDLE_IDENTIFIER = com.gpn.GpayTests;
				PRODUCT_NAME = "$(TARGET_NAME)";
				SWIFT_VERSION = 4.0;
				TARGETED_DEVICE_FAMILY = "1,2";
				TEST_HOST = "$(BUILT_PRODUCTS_DIR)/Gpay.app/Gpay";
			};
			name = Debug;
		};
		771E4CAA203B2BD6003D40C7 /* Release */ = {
			isa = XCBuildConfiguration;
			baseConfigurationReference = CD1C406BD185BB26F3BB10C8 /* Pods-GpayTests.release.xcconfig */;
			buildSettings = {
				ALWAYS_EMBED_SWIFT_STANDARD_LIBRARIES = YES;
				BUNDLE_LOADER = "$(TEST_HOST)";
				CODE_SIGN_STYLE = Automatic;
				DEVELOPMENT_TEAM = 6BT398QG55;
				INFOPLIST_FILE = GpayTests/Info.plist;
				LD_RUNPATH_SEARCH_PATHS = "$(inherited) @executable_path/Frameworks @loader_path/Frameworks";
				PRODUCT_BUNDLE_IDENTIFIER = com.gpn.GpayTests;
				PRODUCT_NAME = "$(TARGET_NAME)";
				SWIFT_VERSION = 4.0;
				TARGETED_DEVICE_FAMILY = "1,2";
				TEST_HOST = "$(BUILT_PRODUCTS_DIR)/Gpay.app/Gpay";
			};
			name = Release;
		};
		771E4CAC203B2BD6003D40C7 /* Debug */ = {
			isa = XCBuildConfiguration;
			buildSettings = {
				ALWAYS_EMBED_SWIFT_STANDARD_LIBRARIES = YES;
				CODE_SIGN_STYLE = Automatic;
				DEVELOPMENT_TEAM = 6BT398QG55;
				INFOPLIST_FILE = GpayUITests/Info.plist;
				LD_RUNPATH_SEARCH_PATHS = "$(inherited) @executable_path/Frameworks @loader_path/Frameworks";
				PRODUCT_BUNDLE_IDENTIFIER = com.gpn.GpayUITests;
				PRODUCT_NAME = "$(TARGET_NAME)";
				SWIFT_VERSION = 4.0;
				TARGETED_DEVICE_FAMILY = "1,2";
				TEST_TARGET_NAME = Gpay;
			};
			name = Debug;
		};
		771E4CAD203B2BD6003D40C7 /* Release */ = {
			isa = XCBuildConfiguration;
			buildSettings = {
				ALWAYS_EMBED_SWIFT_STANDARD_LIBRARIES = YES;
				CODE_SIGN_STYLE = Automatic;
				DEVELOPMENT_TEAM = 6BT398QG55;
				INFOPLIST_FILE = GpayUITests/Info.plist;
				LD_RUNPATH_SEARCH_PATHS = "$(inherited) @executable_path/Frameworks @loader_path/Frameworks";
				PRODUCT_BUNDLE_IDENTIFIER = com.gpn.GpayUITests;
				PRODUCT_NAME = "$(TARGET_NAME)";
				SWIFT_VERSION = 4.0;
				TARGETED_DEVICE_FAMILY = "1,2";
				TEST_TARGET_NAME = Gpay;
			};
			name = Release;
		};
/* End XCBuildConfiguration section */

/* Begin XCConfigurationList section */
		771E4C78203B2BD6003D40C7 /* Build configuration list for PBXProject "Gpay" */ = {
			isa = XCConfigurationList;
			buildConfigurations = (
				771E4CA3203B2BD6003D40C7 /* Debug */,
				771E4CA4203B2BD6003D40C7 /* Release */,
			);
			defaultConfigurationIsVisible = 0;
			defaultConfigurationName = Release;
		};
		771E4CA5203B2BD6003D40C7 /* Build configuration list for PBXNativeTarget "Gpay" */ = {
			isa = XCConfigurationList;
			buildConfigurations = (
				771E4CA6203B2BD6003D40C7 /* Debug */,
				771E4CA7203B2BD6003D40C7 /* Release */,
			);
			defaultConfigurationIsVisible = 0;
			defaultConfigurationName = Release;
		};
		771E4CA8203B2BD6003D40C7 /* Build configuration list for PBXNativeTarget "GpayTests" */ = {
			isa = XCConfigurationList;
			buildConfigurations = (
				771E4CA9203B2BD6003D40C7 /* Debug */,
				771E4CAA203B2BD6003D40C7 /* Release */,
			);
			defaultConfigurationIsVisible = 0;
			defaultConfigurationName = Release;
		};
		771E4CAB203B2BD6003D40C7 /* Build configuration list for PBXNativeTarget "GpayUITests" */ = {
			isa = XCConfigurationList;
			buildConfigurations = (
				771E4CAC203B2BD6003D40C7 /* Debug */,
				771E4CAD203B2BD6003D40C7 /* Release */,
			);
			defaultConfigurationIsVisible = 0;
			defaultConfigurationName = Release;
		};
/* End XCConfigurationList section */
	};
	rootObject = 771E4C75203B2BD6003D40C7 /* Project object */;
}
